
Microsoft Visual Studio Solution File, Format Version 12.00
# Visual Studio 2017
Project("{FAE04EC0-301F-11D3-BF4B-00C04F79EFBC}") = "RobotMaster.Plugins", "RobotMaster.Plugins.csproj", "{8DDC9CAF-3858-B317-480A-7C75830CD1B3}"
EndProject
Project("{FAE04EC0-301F-11D3-BF4B-00C04F79EFBC}") = "RobotMaster", "RobotMaster.csproj", "{2FB840BA-D8F2-95A7-A635-5B27F3519221}"
EndProject
Project("{FAE04EC0-301F-11D3-BF4B-00C04F79EFBC}") = "RobotMaster.Editor.Plugins", "RobotMaster.Editor.Plugins.csproj", "{CDFAF178-0A08-B5BD-AC66-0F7C8AFC31A8}"
EndProject
Project("{FAE04EC0-301F-11D3-BF4B-00C04F79EFBC}") = "RobotMaster.Editor", "RobotMaster.Editor.csproj", "{2C60217D-9C23-EA78-EAE0-6BF8BD48CFD4}"
EndProject
Global
	GlobalSection(SolutionConfigurationPlatforms) = preSolution
		Debug|Any CPU = Debug|Any CPU
		Release|Any CPU = Release|Any CPU
	EndGlobalSection
	GlobalSection(ProjectConfigurationPlatforms) = postSolution
		{8DDC9CAF-3858-B317-480A-7C75830CD1B3}.Debug|Any CPU.ActiveCfg = Debug|Any CPU
		{8DDC9CAF-3858-B317-480A-7C75830CD1B3}.Debug|Any CPU.Build.0 = Debug|Any CPU
		{8DDC9CAF-3858-B317-480A-7C75830CD1B3}.Release|Any CPU.ActiveCfg = Release|Any CPU
		{8DDC9CAF-3858-B317-480A-7C75830CD1B3}.Release|Any CPU.Build.0 = Release|Any CPU
		{2FB840BA-D8F2-95A7-A635-5B27F3519221}.Debug|Any CPU.ActiveCfg = Debug|Any CPU
		{2FB840BA-D8F2-95A7-A635-5B27F3519221}.Debug|Any CPU.Build.0 = Debug|Any CPU
		{2FB840BA-D8F2-95A7-A635-5B27F3519221}.Release|Any CPU.ActiveCfg = Release|Any CPU
		{2FB840BA-D8F2-95A7-A635-5B27F3519221}.Release|Any CPU.Build.0 = Release|Any CPU
		{CDFAF178-0A08-B5BD-AC66-0F7C8AFC31A8}.Debug|Any CPU.ActiveCfg = Debug|Any CPU
		{CDFAF178-0A08-B5BD-AC66-0F7C8AFC31A8}.Debug|Any CPU.Build.0 = Debug|Any CPU
		{CDFAF178-0A08-B5BD-AC66-0F7C8AFC31A8}.Release|Any CPU.ActiveCfg = Release|Any CPU
		{CDFAF178-0A08-B5BD-AC66-0F7C8AFC31A8}.Release|Any CPU.Build.0 = Release|Any CPU
		{2C60217D-9C23-EA78-EAE0-6BF8BD48CFD4}.Debug|Any CPU.ActiveCfg = Debug|Any CPU
		{2C60217D-9C23-EA78-EAE0-6BF8BD48CFD4}.Debug|Any CPU.Build.0 = Debug|Any CPU
		{2C60217D-9C23-EA78-EAE0-6BF8BD48CFD4}.Release|Any CPU.ActiveCfg = Release|Any CPU
		{2C60217D-9C23-EA78-EAE0-6BF8BD48CFD4}.Release|Any CPU.Build.0 = Release|Any CPU
	EndGlobalSection
	GlobalSection(SolutionProperties) = preSolution
		HideSolutionNode = FALSE
	EndGlobalSection
EndGlobal
